// !$*UTF8*$!
{
	archiveVersion = 1;
	classes = {
	};
	objectVersion = 50;
	objects = {

/* Begin PBXBuildFile section */
		534EB7BB24F2DE3700F5586D /* AppDelegate.swift in Sources */ = {isa = PBXBuildFile; fileRef = 534EB7BA24F2DE3700F5586D /* AppDelegate.swift */; };
		534EB7BD24F2DE3700F5586D /* SceneDelegate.swift in Sources */ = {isa = PBXBuildFile; fileRef = 534EB7BC24F2DE3700F5586D /* SceneDelegate.swift */; };
		534EB7BF24F2DE3700F5586D /* ViewController.swift in Sources */ = {isa = PBXBuildFile; fileRef = 534EB7BE24F2DE3700F5586D /* ViewController.swift */; };
		534EB7C224F2DE3700F5586D /* Main.storyboard in Resources */ = {isa = PBXBuildFile; fileRef = 534EB7C024F2DE3700F5586D /* Main.storyboard */; };
		534EB7C424F2DE3800F5586D /* Assets.xcassets in Resources */ = {isa = PBXBuildFile; fileRef = 534EB7C324F2DE3800F5586D /* Assets.xcassets */; };
		534EB7C724F2DE3800F5586D /* LaunchScreen.storyboard in Resources */ = {isa = PBXBuildFile; fileRef = 534EB7C524F2DE3800F5586D /* LaunchScreen.storyboard */; };
/* End PBXBuildFile section */

/* Begin PBXFileReference section */
		534EB7B724F2DE3700F5586D /* Pandos.app */ = {isa = PBXFileReference; explicitFileType = wrapper.application; includeInIndex = 0; path = Pandos.app; sourceTree = BUILT_PRODUCTS_DIR; };
		534EB7BA24F2DE3700F5586D /* AppDelegate.swift */ = {isa = PBXFileReference; lastKnownFileType = sourcecode.swift; path = AppDelegate.swift; sourceTree = "<group>"; };
		534EB7BC24F2DE3700F5586D /* SceneDelegate.swift */ = {isa = PBXFileReference; lastKnownFileType = sourcecode.swift; path = SceneDelegate.swift; sourceTree = "<group>"; };
		534EB7BE24F2DE3700F5586D /* ViewController.swift */ = {isa = PBXFileReference; lastKnownFileType = sourcecode.swift; path = ViewController.swift; sourceTree = "<group>"; };
		534EB7C124F2DE3700F5586D /* Base */ = {isa = PBXFileReference; lastKnownFileType = file.storyboard; name = Base; path = Base.lproj/Main.storyboard; sourceTree = "<group>"; };
		534EB7C324F2DE3800F5586D /* Assets.xcassets */ = {isa = PBXFileReference; lastKnownFileType = folder.assetcatalog; path = Assets.xcassets; sourceTree = "<group>"; };
		534EB7C624F2DE3800F5586D /* Base */ = {isa = PBXFileReference; lastKnownFileType = file.storyboard; name = Base; path = Base.lproj/LaunchScreen.storyboard; sourceTree = "<group>"; };
		534EB7C824F2DE3800F5586D /* Info.plist */ = {isa = PBXFileReference; lastKnownFileType = text.plist.xml; path = Info.plist; sourceTree = "<group>"; };
/* End PBXFileReference section */

/* Begin PBXFrameworksBuildPhase section */
		534EB7B424F2DE3700F5586D /* Frameworks */ = {
			isa = PBXFrameworksBuildPhase;
			buildActionMask = 2147483647;
			files = (
			);
			runOnlyForDeploymentPostprocessing = 0;
		};
/* End PBXFrameworksBuildPhase section */

/* Begin PBXGroup section */
		534EB7AE24F2DE3700F5586D = {
			isa = PBXGroup;
			children = (
				534EB7B924F2DE3700F5586D /* Pandos */,
				534EB7B824F2DE3700F5586D /* Products */,
			);
			sourceTree = "<group>";
		};
		534EB7B824F2DE3700F5586D /* Products */ = {
			isa = PBXGroup;
			children = (
				534EB7B724F2DE3700F5586D /* Pandos.app */,
			);
			name = Products;
			sourceTree = "<group>";
		};
		534EB7B924F2DE3700F5586D /* Pandos */ = {
			isa = PBXGroup;
			children = (
				534EB7BA24F2DE3700F5586D /* AppDelegate.swift */,
				534EB7BC24F2DE3700F5586D /* SceneDelegate.swift */,
				534EB7BE24F2DE3700F5586D /* ViewController.swift */,
				534EB7C024F2DE3700F5586D /* Main.storyboard */,
				534EB7C324F2DE3800F5586D /* Assets.xcassets */,
				534EB7C524F2DE3800F5586D /* LaunchScreen.storyboard */,
				534EB7C824F2DE3800F5586D /* Info.plist */,
			);
			path = Pandos;
			sourceTree = "<group>";
		};
/* End PBXGroup section */

/* Begin PBXNativeTarget section */
		534EB7B624F2DE3700F5586D /* Pandos */ = {
			isa = PBXNativeTarget;
			buildConfigurationList = 534EB7CB24F2DE3800F5586D /* Build configuration list for PBXNativeTarget "Pandos" */;
			buildPhases = (
				534EB7B324F2DE3700F5586D /* Sources */,
				534EB7B424F2DE3700F5586D /* Frameworks */,
				534EB7B524F2DE3700F5586D /* Resources */,
			);
			buildRules = (
			);
			dependencies = (
			);
			name = Pandos;
			productName = Pandos;
			productReference = 534EB7B724F2DE3700F5586D /* Pandos.app */;
			productType = "com.apple.product-type.application";
		};
/* End PBXNativeTarget section */

/* Begin PBXProject section */
		534EB7AF24F2DE3700F5586D /* Project object */ = {
			isa = PBXProject;
			attributes = {
				LastSwiftUpdateCheck = 1160;
				LastUpgradeCheck = 1160;
				ORGANIZATIONNAME = "Christian Elijah";
				TargetAttributes = {
					534EB7B624F2DE3700F5586D = {
						CreatedOnToolsVersion = 11.6;
					};
				};
			};
			buildConfigurationList = 534EB7B224F2DE3700F5586D /* Build configuration list for PBXProject "Pandos" */;
			compatibilityVersion = "Xcode 9.3";
			developmentRegion = en;
			hasScannedForEncodings = 0;
			knownRegions = (
				en,
				Base,
			);
			mainGroup = 534EB7AE24F2DE3700F5586D;
			productRefGroup = 534EB7B824F2DE3700F5586D /* Products */;
			projectDirPath = "";
			projectRoot = "";
			targets = (
				534EB7B624F2DE3700F5586D /* Pandos */,
			);
		};
/* End PBXProject section */

/* Begin PBXResourcesBuildPhase section */
		534EB7B524F2DE3700F5586D /* Resources */ = {
			isa = PBXResourcesBuildPhase;
			buildActionMask = 2147483647;
			files = (
				534EB7C724F2DE3800F5586D /* LaunchScreen.storyboard in Resources */,
				534EB7C424F2DE3800F5586D /* Assets.xcassets in Resources */,
				534EB7C224F2DE3700F5586D /* Main.storyboard in Resources */,
			);
			runOnlyForDeploymentPostprocessing = 0;
		};
/* End PBXResourcesBuildPhase section */

/* Begin PBXSourcesBuildPhase section */
		534EB7B324F2DE3700F5586D /* Sources */ = {
			isa = PBXSourcesBuildPhase;
			buildActionMask = 2147483647;
			files = (
				534EB7BF24F2DE3700F5586D /* ViewController.swift in Sources */,
				534EB7BB24F2DE3700F5586D /* AppDelegate.swift in Sources */,
				534EB7BD24F2DE3700F5586D /* SceneDelegate.swift in Sources */,
			);
			runOnlyForDeploymentPostprocessing = 0;
		};
/* End PBXSourcesBuildPhase section */

/* Begin PBXVariantGroup section */
		534EB7C024F2DE3700F5586D /* Main.storyboard */ = {
			isa = PBXVariantGroup;
			children = (
				534EB7C124F2DE3700F5586D /* Base */,
			);
			name = Main.storyboard;
			sourceTree = "<group>";
		};
		534EB7C524F2DE3800F5586D /* LaunchScreen.storyboard */ = {
			isa = PBXVariantGroup;
			children = (
				534EB7C624F2DE3800F5586D /* Base */,
			);
			name = LaunchScreen.storyboard;
			sourceTree = "<group>";
		};
/* End PBXVariantGroup section */

/* Begin XCBuildConfiguration section */
		534EB7C924F2DE3800F5586D /* Debug */ = {
			isa = XCBuildConfiguration;
			buildSettings = {
				ALWAYS_SEARCH_USER_PATHS = NO;
				CLANG_ANALYZER_NONNULL = YES;
				CLANG_ANALYZER_NUMBER_OBJECT_CONVERSION = YES_AGGRESSIVE;
				CLANG_CXX_LANGUAGE_STANDARD = "gnu++14";
				CLANG_CXX_LIBRARY = "libc++";
				CLANG_ENABLE_MODULES = YES;
				CLANG_ENABLE_OBJC_ARC = YES;
				CLANG_ENABLE_OBJC_WEAK = YES;
				CLANG_WARN_BLOCK_CAPTURE_AUTORELEASING = YES;
				CLANG_WARN_BOOL_CONVERSION = YES;
				CLANG_WARN_COMMA = YES;
				CLANG_WARN_CONSTANT_CONVERSION = YES;
				CLANG_WARN_DEPRECATED_OBJC_IMPLEMENTATIONS = YES;
				CLANG_WARN_DIRECT_OBJC_ISA_USAGE = YES_ERROR;
				CLANG_WARN_DOCUMENTATION_COMMENTS = YES;
				CLANG_WARN_EMPTY_BODY = YES;
				CLANG_WARN_ENUM_CONVERSION = YES;
				CLANG_WARN_INFINITE_RECURSION = YES;
				CLANG_WARN_INT_CONVERSION = YES;
				CLANG_WARN_NON_LITERAL_NULL_CONVERSION = YES;
				CLANG_WARN_OBJC_IMPLICIT_RETAIN_SELF = YES;
				CLANG_WARN_OBJC_LITERAL_CONVERSION = YES;
				CLANG_WARN_OBJC_ROOT_CLASS = YES_ERROR;
				CLANG_WARN_RANGE_LOOP_ANALYSIS = YES;
				CLANG_WARN_STRICT_PROTOTYPES = YES;
				CLANG_WARN_SUSPICIOUS_MOVE = YES;
				CLANG_WARN_UNGUARDED_AVAILABILITY = YES_AGGRESSIVE;
				CLANG_WARN_UNREACHABLE_CODE = YES;
				CLANG_WARN__DUPLICATE_METHOD_MATCH = YES;
				COPY_PHASE_STRIP = NO;
				DEBUG_INFORMATION_FORMAT = dwarf;
				ENABLE_STRICT_OBJC_MSGSEND = YES;
				ENABLE_TESTABILITY = YES;
				GCC_C_LANGUAGE_STANDARD = gnu11;
				GCC_DYNAMIC_NO_PIC = NO;
				GCC_NO_COMMON_BLOCKS = YES;
				GCC_OPTIMIZATION_LEVEL = 0;
				GCC_PREPROCESSOR_DEFINITIONS = (
					"DEBUG=1",
					"$(inherited)",
				);
				GCC_WARN_64_TO_32_BIT_CONVERSION = YES;
				GCC_WARN_ABOUT_RETURN_TYPE = YES_ERROR;
				GCC_WARN_UNDECLARED_SELECTOR = YES;
				GCC_WARN_UNINITIALIZED_AUTOS = YES_AGGRESSIVE;
				GCC_WARN_UNUSED_FUNCTION = YES;
				GCC_WARN_UNUSED_VARIABLE = YES;
				IPHONEOS_DEPLOYMENT_TARGET = 13.6;
				MTL_ENABLE_DEBUG_INFO = INCLUDE_SOURCE;
				MTL_FAST_MATH = YES;
				ONLY_ACTIVE_ARCH = YES;
				SDKROOT = iphoneos;
				SWIFT_ACTIVE_COMPILATION_CONDITIONS = DEBUG;
				SWIFT_OPTIMIZATION_LEVEL = "-Onone";
			};
			name = Debug;
		};
		534EB7CA24F2DE3800F5586D /* Release */ = {
			isa = XCBuildConfiguration;
			buildSettings = {
				ALWAYS_SEARCH_USER_PATHS = NO;
				CLANG_ANALYZER_NONNULL = YES;
				CLANG_ANALYZER_NUMBER_OBJECT_CONVERSION = YES_AGGRESSIVE;
				CLANG_CXX_LANGUAGE_STANDARD = "gnu++14";
				CLANG_CXX_LIBRARY = "libc++";
				CLANG_ENABLE_MODULES = YES;
				CLANG_ENABLE_OBJC_ARC = YES;
				CLANG_ENABLE_OBJC_WEAK = YES;
				CLANG_WARN_BLOCK_CAPTURE_AUTORELEASING = YES;
				CLANG_WARN_BOOL_CONVERSION = YES;
				CLANG_WARN_COMMA = YES;
				CLANG_WARN_CONSTANT_CONVERSION = YES;
				CLANG_WARN_DEPRECATED_OBJC_IMPLEMENTATIONS = YES;
				CLANG_WARN_DIRECT_OBJC_ISA_USAGE = YES_ERROR;
				CLANG_WARN_DOCUMENTATION_COMMENTS = YES;
				CLANG_WARN_EMPTY_BODY = YES;
				CLANG_WARN_ENUM_CONVERSION = YES;
				CLANG_WARN_INFINITE_RECURSION = YES;
				CLANG_WARN_INT_CONVERSION = YES;
				CLANG_WARN_NON_LITERAL_NULL_CONVERSION = YES;
				CLANG_WARN_OBJC_IMPLICIT_RETAIN_SELF = YES;
				CLANG_WARN_OBJC_LITERAL_CONVERSION = YES;
				CLANG_WARN_OBJC_ROOT_CLASS = YES_ERROR;
				CLANG_WARN_RANGE_LOOP_ANALYSIS = YES;
				CLANG_WARN_STRICT_PROTOTYPES = YES;
				CLANG_WARN_SUSPICIOUS_MOVE = YES;
				CLANG_WARN_UNGUARDED_AVAILABILITY = YES_AGGRESSIVE;
				CLANG_WARN_UNREACHABLE_CODE = YES;
				CLANG_WARN__DUPLICATE_METHOD_MATCH = YES;
				COPY_PHASE_STRIP = NO;
				DEBUG_INFORMATION_FORMAT = "dwarf-with-dsym";
				ENABLE_NS_ASSERTIONS = NO;
				ENABLE_STRICT_OBJC_MSGSEND = YES;
				GCC_C_LANGUAGE_STANDARD = gnu11;
				GCC_NO_COMMON_BLOCKS = YES;
				GCC_WARN_64_TO_32_BIT_CONVERSION = YES;
				GCC_WARN_ABOUT_RETURN_TYPE = YES_ERROR;
				GCC_WARN_UNDECLARED_SELECTOR = YES;
				GCC_WARN_UNINITIALIZED_AUTOS = YES_AGGRESSIVE;
				GCC_WARN_UNUSED_FUNCTION = YES;
				GCC_WARN_UNUSED_VARIABLE = YES;
				IPHONEOS_DEPLOYMENT_TARGET = 13.6;
				MTL_ENABLE_DEBUG_INFO = NO;
				MTL_FAST_MATH = YES;
				SDKROOT = iphoneos;
				SWIFT_COMPILATION_MODE = wholemodule;
				SWIFT_OPTIMIZATION_LEVEL = "-O";
				VALIDATE_PRODUCT = YES;
			};
			name = Release;
		};
		534EB7CC24F2DE3800F5586D /* Debug */ = {
			isa = XCBuildConfiguration;
			buildSettings = {
				ASSETCATALOG_COMPILER_APPICON_NAME = AppIcon;
				CODE_SIGN_STYLE = Automatic;
				DEVELOPMENT_TEAM = WPR3K55VLC;
				INFOPLIST_FILE = Pandos/Info.plist;
				LD_RUNPATH_SEARCH_PATHS = (
					"$(inherited)",
					"@executable_path/Frameworks",
				);
				PRODUCT_BUNDLE_IDENTIFIER = me.francis.christian.Pandos;
				PRODUCT_NAME = "$(TARGET_NAME)";
				SWIFT_VERSION = 5.0;
				TARGETED_DEVICE_FAMILY = "1,2";
			};
			name = Debug;
		};
		534EB7CD24F2DE3800F5586D /* Release */ = {
			isa = XCBuildConfiguration;
			buildSettings = {
				ASSETCATALOG_COMPILER_APPICON_NAME = AppIcon;
				CODE_SIGN_STYLE = Automatic;
				DEVELOPMENT_TEAM = WPR3K55VLC;
				INFOPLIST_FILE = Pandos/Info.plist;
				LD_RUNPATH_SEARCH_PATHS = (
					"$(inherited)",
					"@executable_path/Frameworks",
				);
				PRODUCT_BUNDLE_IDENTIFIER = me.francis.christian.Pandos;
				PRODUCT_NAME = "$(TARGET_NAME)";
				SWIFT_VERSION = 5.0;
				TARGETED_DEVICE_FAMILY = "1,2";
			};
			name = Release;
		};
/* End XCBuildConfiguration section */

/* Begin XCConfigurationList section */
		534EB7B224F2DE3700F5586D /* Build configuration list for PBXProject "Pandos" */ = {
			isa = XCConfigurationList;
			buildConfigurations = (
				534EB7C924F2DE3800F5586D /* Debug */,
				534EB7CA24F2DE3800F5586D /* Release */,
			);
			defaultConfigurationIsVisible = 0;
			defaultConfigurationName = Release;
		};
		534EB7CB24F2DE3800F5586D /* Build configuration list for PBXNativeTarget "Pandos" */ = {
			isa = XCConfigurationList;
			buildConfigurations = (
				534EB7CC24F2DE3800F5586D /* Debug */,
				534EB7CD24F2DE3800F5586D /* Release */,
			);
			defaultConfigurationIsVisible = 0;
			defaultConfigurationName = Release;
		};
/* End XCConfigurationList section */
	};
	rootObject = 534EB7AF24F2DE3700F5586D /* Project object */;
}
